{
  "name": "noir_corpus",
  "lockfileVersion": 3,
  "requires": true,
  "packages": {
    "": {
      "dependencies": {
        "@evidence-dev/duckdb": "^2.0.1"
      }
    },
    "node_modules/@duckdb/node-api": {
      "version": "1.4.2-r.1",
      "resolved": "https://registry.npmjs.org/@duckdb/node-api/-/node-api-1.4.2-r.1.tgz",
      "integrity": "sha512-8Ef4R/Lq+rXTpcqZIJZe6ALfgMGxy88HmiPvRpWrRw1fUTy85x1U0NnGrqCklZsmWyZUdPwVYj90MQOF2MY/TA==",
      "license": "MIT",
      "dependencies": {
        "@duckdb/node-bindings": "1.4.2-r.1"
      }
    },
    "node_modules/@duckdb/node-bindings": {
      "version": "1.4.2-r.1",
      "resolved": "https://registry.npmjs.org/@duckdb/node-bindings/-/node-bindings-1.4.2-r.1.tgz",
      "integrity": "sha512-z0pJCdEnIj0Famkip6w7JZ/A17nm5VcYc6H7isOHXfEnPhBQ9PBusUTFgIzl6+3J8HOFQOv0szJq46zldbsHfQ==",
      "license": "MIT",
      "optionalDependencies": {
        "@duckdb/node-bindings-darwin-arm64": "1.4.2-r.1",
        "@duckdb/node-bindings-darwin-x64": "1.4.2-r.1",
        "@duckdb/node-bindings-linux-arm64": "1.4.2-r.1",
        "@duckdb/node-bindings-linux-x64": "1.4.2-r.1",
        "@duckdb/node-bindings-win32-x64": "1.4.2-r.1"
      }
    },
    "node_modules/@duckdb/node-bindings-darwin-arm64": {
      "version": "1.4.2-r.1",
      "resolved": "https://registry.npmjs.org/@duckdb/node-bindings-darwin-arm64/-/node-bindings-darwin-arm64-1.4.2-r.1.tgz",
      "integrity": "sha512-C4yBI3zBX7iZ9iq8zJDvPatXA+2xM22sg1kX3fx76nG+qTqKtU/dGFVYL7Fx6cBYxBO1ZZ8Y+vjgYb6/bich8A==",
      "cpu": [
        "arm64"
      ],
      "license": "MIT",
      "optional": true,
      "os": [
        "darwin"
      ]
    },
    "node_modules/@duckdb/node-bindings-darwin-x64": {
      "version": "1.4.2-r.1",
      "resolved": "https://registry.npmjs.org/@duckdb/node-bindings-darwin-x64/-/node-bindings-darwin-x64-1.4.2-r.1.tgz",
      "integrity": "sha512-dgTSBuEfWyhymYovsGoRESjqcJuZWwJqla9l89SSsBDrGYcUp+EHsXUF73oUCspzTesT2lOvHrDufO8pKgtudw==",
      "cpu": [
        "x64"
      ],
      "license": "MIT",
      "optional": true,
      "os": [
        "darwin"
      ]
    },
    "node_modules/@duckdb/node-bindings-linux-arm64": {
      "version": "1.4.2-r.1",
      "resolved": "https://registry.npmjs.org/@duckdb/node-bindings-linux-arm64/-/node-bindings-linux-arm64-1.4.2-r.1.tgz",
      "integrity": "sha512-r2Ml1LvU2vkVMx4YU04T79FjGkYg8YMVtbOz7j740SZGIi5Cch5P1/oy48jJBWRqoaXuqimpYWeTZiGVeCQiZA==",
      "cpu": [
        "arm64"
      ],
      "license": "MIT",
      "optional": true,
      "os": [
        "linux"
      ]
    },
    "node_modules/@duckdb/node-bindings-linux-x64": {
      "version": "1.4.2-r.1",
      "resolved": "https://registry.npmjs.org/@duckdb/node-bindings-linux-x64/-/node-bindings-linux-x64-1.4.2-r.1.tgz",
      "integrity": "sha512-ed5KiNIu1rqSva5rgo4PRVYSmBolAMVqGFWsYWLoRZ94ka2F/dHwJNkarCTmBFCEDGVZWzWzjRyWTQgYTvQxTg==",
      "cpu": [
        "x64"
      ],
      "license": "MIT",
      "optional": true,
      "os": [
        "linux"
      ]
    },
    "node_modules/@duckdb/node-bindings-win32-x64": {
      "version": "1.4.2-r.1",
      "resolved": "https://registry.npmjs.org/@duckdb/node-bindings-win32-x64/-/node-bindings-win32-x64-1.4.2-r.1.tgz",
      "integrity": "sha512-kIIT8tuoW3mzr9EPcdSoKfv9CgOhTqRryHDI10Z0nuhc9UhqOWPUM/LnSUebfo1mdD9Drm7YrKCKYxNTr5dqBQ==",
      "cpu": [
        "x64"
      ],
      "license": "MIT",
      "optional": true,
      "os": [
        "win32"
      ]
    },
    "node_modules/@evidence-dev/db-commons": {
      "version": "1.1.1",
      "resolved": "https://registry.npmjs.org/@evidence-dev/db-commons/-/db-commons-1.1.1.tgz",
      "integrity": "sha512-WYucSLyGbHEME6bJKVctrWa9kYniOntVj+wZtHpPffDKPNRfcW6KeXZeqvL4CH0XTC9ZSggd8lCNHfUP/JPAoQ==",
      "license": "MIT",
      "dependencies": {
        "fs-extra": "11.2.0"
      }
    },
    "node_modules/@evidence-dev/duckdb": {
      "version": "2.0.1",
      "resolved": "https://registry.npmjs.org/@evidence-dev/duckdb/-/duckdb-2.0.1.tgz",
      "integrity": "sha512-o3BJD50Q+zT4IPaokMc6P7BnhpnW8/3DuUyulDJ+RM5yPCQrp+pNF1pYSGAo5AmvgHTQUagyHoTyjbHkdwPqVg==",
      "license": "MIT",
      "dependencies": {
        "@duckdb/node-api": "^1.4.2-r.1",
        "@evidence-dev/db-commons": "1.1.1"
      }
    },
    "node_modules/fs-extra": {
      "version": "11.2.0",
      "resolved": "https://registry.npmjs.org/fs-extra/-/fs-extra-11.2.0.tgz",
      "integrity": "sha512-PmDi3uwK5nFuXh7XDTlVnS17xJS7vW36is2+w3xcv8SVxiB4NyATf4ctkVY5bkSjX0Y4nbvZCq1/EjtEyr9ktw==",
      "license": "MIT",
      "dependencies": {
        "graceful-fs": "^4.2.0",
        "jsonfile": "^6.0.1",
        "universalify": "^2.0.0"
      },
      "engines": {
        "node": ">=14.14"
      }
    },
    "node_modules/graceful-fs": {
      "version": "4.2.11",
      "resolved": "https://registry.npmjs.org/graceful-fs/-/graceful-fs-4.2.11.tgz",
      "integrity": "sha512-RbJ5/jmFcNNCcDV5o9eTnBLJ/HszWV0P73bc+Ff4nS/rJj+YaS6IGyiOL0VoBYX+l1Wrl3k63h/KrH+nhJ0XvQ==",
      "license": "ISC"
    },
    "node_modules/jsonfile": {
      "version": "6.2.1",
      "resolved": "https://registry.npmjs.org/jsonfile/-/jsonfile-6.2.1.tgz",
      "integrity": "sha512-zwOTdL3rFQ/lRdBnntKVOX6k5cKJwEc1HdilT71BWEu7J41gXIB2MRp+vxduPSwZJPWBxEzv4yH1wYLJGUHX4Q==",
      "license": "MIT",
      "dependencies": {
        "universalify": "^2.0.0"
      },
      "optionalDependencies": {
        "graceful-fs": "^4.1.6"
      }
    },
    "node_modules/universalify": {
      "version": "2.0.1",
      "resolved": "https://registry.npmjs.org/universalify/-/universalify-2.0.1.tgz",
      "integrity": "sha512-gptHNQghINnc/vTGIk0SOFGFNXw7JVrlRUtConJRlvaw6DuX0wO5Jeko9sWrMBhh+PsYAZ7oXAiOnf/UKogyiw==",
      "license": "MIT",
      "engines": {
        "node": ">= 10.0.0"
      }
    }
  }
}
